
Microsoft Visual Studio Solution File, Format Version 12.00
# Visual Studio Version 17
VisualStudioVersion = 17.7.34009.444
MinimumVisualStudioVersion = 10.0.40219.1
Project("{2150E333-8FDC-42A3-9474-1A3956D46DE8}") = "src", "src", "{D6CB24DE-F33B-4F96-96CD-A2CBD9FB53F7}"
EndProject
Project("{2150E333-8FDC-42A3-9474-1A3956D46DE8}") = "tests", "tests", "{09E8E916-1CF5-4328-B07F-61E63E2964B1}"
EndProject
Project("{2150E333-8FDC-42A3-9474-1A3956D46DE8}") = "UI", "UI", "{104022FE-F6F1-4F3C-87A6-D01FA7D8F355}"
EndProject
Project("{2150E333-8FDC-42A3-9474-1A3956D46DE8}") = "Core", "Core", "{8A922C04-556B-4D77-81DB-6751ADE86AE9}"
EndProject
Project("{2150E333-8FDC-42A3-9474-1A3956D46DE8}") = "Infrastructure", "Infrastructure", "{3010AB9F-78B6-4ADC-B511-6F4D92162D47}"
EndProject
Project("{2150E333-8FDC-42A3-9474-1A3956D46DE8}") = "API", "API", "{805A9567-B8FA-42CE-A3FA-7C80768109F0}"
EndProject
Project("{9A19103F-16F7-4668-BE54-9A1E7A4F7556}") = "HR.LeaveManagement.Domain", "HR.LeaveManagement.Domain\HR.LeaveManagement.Domain.csproj", "{FF1FD7C8-5AD4-4B44-B148-8FE9074A5A52}"
EndProject
Project("{9A19103F-16F7-4668-BE54-9A1E7A4F7556}") = "HR.LeaveManagement.Application", "HR.LeaveManagement.Application\HR.LeaveManagement.Application.csproj", "{22735A18-14D2-4106-B46E-7BC8DEF878B9}"
EndProject
Project("{9A19103F-16F7-4668-BE54-9A1E7A4F7556}") = "HR.LeaveManagement.Persistence", "HR.LeaveManagement.Persistence\HR.LeaveManagement.Persistence.csproj", "{125B1FFC-E643-49DF-876A-2650B0341867}"
EndProject
Project("{9A19103F-16F7-4668-BE54-9A1E7A4F7556}") = "HR.LeaveManagement.Infrastructure", "HR.LeaveManagement.Infrastructure\HR.LeaveManagement.Infrastructure.csproj", "{11CA8CEA-CF22-41B6-88FC-A3ADD06EE9F0}"
EndProject
Project("{9A19103F-16F7-4668-BE54-9A1E7A4F7556}") = "HR.LeaveManagement.Api", "HR.LeaveManagement.Api\HR.LeaveManagement.Api.csproj", "{311ED363-5D41-42B9-B821-002156003C41}"
EndProject
Project("{9A19103F-16F7-4668-BE54-9A1E7A4F7556}") = "HR.LeaveManagement.Application.UnitTests", "HR.LeaveManagement.Application.UnitTests\HR.LeaveManagement.Application.UnitTests.csproj", "{253A30FA-FE58-41DC-B4B9-49920836F86F}"
EndProject
Project("{FAE04EC0-301F-11D3-BF4B-00C04F79EFBC}") = "HR.LeaveManagement.BlazorUI", "HR.LeaveManagement.BlazorUI\HR.LeaveManagement.BlazorUI.csproj", "{95643AAF-B1BD-4E2E-ADAB-A3A68F3171E3}"
EndProject
Global
	GlobalSection(SolutionConfigurationPlatforms) = preSolution
		Debug|Any CPU = Debug|Any CPU
		Release|Any CPU = Release|Any CPU
	EndGlobalSection
	GlobalSection(ProjectConfigurationPlatforms) = postSolution
		{FF1FD7C8-5AD4-4B44-B148-8FE9074A5A52}.Debug|Any CPU.ActiveCfg = Debug|Any CPU
		{FF1FD7C8-5AD4-4B44-B148-8FE9074A5A52}.Debug|Any CPU.Build.0 = Debug|Any CPU
		{FF1FD7C8-5AD4-4B44-B148-8FE9074A5A52}.Release|Any CPU.ActiveCfg = Release|Any CPU
		{FF1FD7C8-5AD4-4B44-B148-8FE9074A5A52}.Release|Any CPU.Build.0 = Release|Any CPU
		{22735A18-14D2-4106-B46E-7BC8DEF878B9}.Debug|Any CPU.ActiveCfg = Debug|Any CPU
		{22735A18-14D2-4106-B46E-7BC8DEF878B9}.Debug|Any CPU.Build.0 = Debug|Any CPU
		{22735A18-14D2-4106-B46E-7BC8DEF878B9}.Release|Any CPU.ActiveCfg = Release|Any CPU
		{22735A18-14D2-4106-B46E-7BC8DEF878B9}.Release|Any CPU.Build.0 = Release|Any CPU
		{125B1FFC-E643-49DF-876A-2650B0341867}.Debug|Any CPU.ActiveCfg = Debug|Any CPU
		{125B1FFC-E643-49DF-876A-2650B0341867}.Debug|Any CPU.Build.0 = Debug|Any CPU
		{125B1FFC-E643-49DF-876A-2650B0341867}.Release|Any CPU.ActiveCfg = Release|Any CPU
		{125B1FFC-E643-49DF-876A-2650B0341867}.Release|Any CPU.Build.0 = Release|Any CPU
		{11CA8CEA-CF22-41B6-88FC-A3ADD06EE9F0}.Debug|Any CPU.ActiveCfg = Debug|Any CPU
		{11CA8CEA-CF22-41B6-88FC-A3ADD06EE9F0}.Debug|Any CPU.Build.0 = Debug|Any CPU
		{11CA8CEA-CF22-41B6-88FC-A3ADD06EE9F0}.Release|Any CPU.ActiveCfg = Release|Any CPU
		{11CA8CEA-CF22-41B6-88FC-A3ADD06EE9F0}.Release|Any CPU.Build.0 = Release|Any CPU
		{311ED363-5D41-42B9-B821-002156003C41}.Debug|Any CPU.ActiveCfg = Debug|Any CPU
		{311ED363-5D41-42B9-B821-002156003C41}.Debug|Any CPU.Build.0 = Debug|Any CPU
		{311ED363-5D41-42B9-B821-002156003C41}.Release|Any CPU.ActiveCfg = Release|Any CPU
		{311ED363-5D41-42B9-B821-002156003C41}.Release|Any CPU.Build.0 = Release|Any CPU
		{253A30FA-FE58-41DC-B4B9-49920836F86F}.Debug|Any CPU.ActiveCfg = Debug|Any CPU
		{253A30FA-FE58-41DC-B4B9-49920836F86F}.Debug|Any CPU.Build.0 = Debug|Any CPU
		{253A30FA-FE58-41DC-B4B9-49920836F86F}.Release|Any CPU.ActiveCfg = Release|Any CPU
		{253A30FA-FE58-41DC-B4B9-49920836F86F}.Release|Any CPU.Build.0 = Release|Any CPU
		{95643AAF-B1BD-4E2E-ADAB-A3A68F3171E3}.Debug|Any CPU.ActiveCfg = Debug|Any CPU
		{95643AAF-B1BD-4E2E-ADAB-A3A68F3171E3}.Debug|Any CPU.Build.0 = Debug|Any CPU
		{95643AAF-B1BD-4E2E-ADAB-A3A68F3171E3}.Release|Any CPU.ActiveCfg = Release|Any CPU
		{95643AAF-B1BD-4E2E-ADAB-A3A68F3171E3}.Release|Any CPU.Build.0 = Release|Any CPU
	EndGlobalSection
	GlobalSection(SolutionProperties) = preSolution
		HideSolutionNode = FALSE
	EndGlobalSection
	GlobalSection(NestedProjects) = preSolution
		{104022FE-F6F1-4F3C-87A6-D01FA7D8F355} = {D6CB24DE-F33B-4F96-96CD-A2CBD9FB53F7}
		{8A922C04-556B-4D77-81DB-6751ADE86AE9} = {D6CB24DE-F33B-4F96-96CD-A2CBD9FB53F7}
		{3010AB9F-78B6-4ADC-B511-6F4D92162D47} = {D6CB24DE-F33B-4F96-96CD-A2CBD9FB53F7}
		{805A9567-B8FA-42CE-A3FA-7C80768109F0} = {D6CB24DE-F33B-4F96-96CD-A2CBD9FB53F7}
		{FF1FD7C8-5AD4-4B44-B148-8FE9074A5A52} = {8A922C04-556B-4D77-81DB-6751ADE86AE9}
		{22735A18-14D2-4106-B46E-7BC8DEF878B9} = {8A922C04-556B-4D77-81DB-6751ADE86AE9}
		{125B1FFC-E643-49DF-876A-2650B0341867} = {3010AB9F-78B6-4ADC-B511-6F4D92162D47}
		{11CA8CEA-CF22-41B6-88FC-A3ADD06EE9F0} = {3010AB9F-78B6-4ADC-B511-6F4D92162D47}
		{311ED363-5D41-42B9-B821-002156003C41} = {805A9567-B8FA-42CE-A3FA-7C80768109F0}
		{253A30FA-FE58-41DC-B4B9-49920836F86F} = {09E8E916-1CF5-4328-B07F-61E63E2964B1}
		{95643AAF-B1BD-4E2E-ADAB-A3A68F3171E3} = {104022FE-F6F1-4F3C-87A6-D01FA7D8F355}
	EndGlobalSection
	GlobalSection(ExtensibilityGlobals) = postSolution
		SolutionGuid = {001C19E8-FE4E-4052-95A9-739730929E58}
	EndGlobalSection
EndGlobal
